
Microsoft Visual Studio Solution File, Format Version 12.00
# Visual Studio Version 16
VisualStudioVersion = 16.0.31424.327
MinimumVisualStudioVersion = 10.0.40219.1
Project("{FAE04EC0-301F-11D3-BF4B-00C04F79EFBC}") = "Book management", "Book management\Book management.csproj", "{9EF0B944-C80A-4BF7-908B-00007DE18A89}"
EndProject
Global
	GlobalSection(SolutionConfigurationPlatforms) = preSolution
		Debug|Any CPU = Debug|Any CPU
		Release|Any CPU = Release|Any CPU
	EndGlobalSection
	GlobalSection(ProjectConfigurationPlatforms) = postSolution
		{9EF0B944-C80A-4BF7-908B-00007DE18A89}.Debug|Any CPU.ActiveCfg = Debug|Any CPU
		{9EF0B944-C80A-4BF7-908B-00007DE18A89}.Debug|Any CPU.Build.0 = Debug|Any CPU
		{9EF0B944-C80A-4BF7-908B-00007DE18A89}.Release|Any CPU.ActiveCfg = Release|Any CPU
		{9EF0B944-C80A-4BF7-908B-00007DE18A89}.Release|Any CPU.Build.0 = Release|Any CPU
	EndGlobalSection
	GlobalSection(SolutionProperties) = preSolution
		HideSolutionNode = FALSE
	EndGlobalSection
	GlobalSection(ExtensibilityGlobals) = postSolution
		SolutionGuid = {C96809D9-BF71-43C6-B939-936F73AECE75}
	EndGlobalSection
EndGlobal
